
Microsoft Visual Studio Solution File, Format Version 12.00
# Visual Studio 15
VisualStudioVersion = 15.0.28307.168
MinimumVisualStudioVersion = 10.0.40219.1
Project("{FAE04EC0-301F-11D3-BF4B-00C04F79EFBC}") = "Cs_Cpp_If", "Cs_Cpp_If\Cs_Cpp_If.csproj", "{049E0CA8-AA4C-4ADA-B6D7-8EF82AF9E7CC}"
EndProject
Project("{8BC9CEB8-8B4A-11D0-8D11-00A0C91BC942}") = "Cpp_CLR", "Cpp_CLR\Cpp_CLR.vcxproj", "{26664364-317E-4B36-8E3E-E0135FBE2DCF}"
EndProject
Project("{8BC9CEB8-8B4A-11D0-8D11-00A0C91BC942}") = "Cpp", "Cpp\Cpp.vcxproj", "{2AEA0631-72AF-4572-B4E5-C6E525AD56DA}"
EndProject
Global
	GlobalSection(SolutionConfigurationPlatforms) = preSolution
		Debug|Any CPU = Debug|Any CPU
		Debug|x64 = Debug|x64
		Debug|x86 = Debug|x86
		Release|Any CPU = Release|Any CPU
		Release|x64 = Release|x64
		Release|x86 = Release|x86
	EndGlobalSection
	GlobalSection(ProjectConfigurationPlatforms) = postSolution
		{049E0CA8-AA4C-4ADA-B6D7-8EF82AF9E7CC}.Debug|Any CPU.ActiveCfg = Debug|Any CPU
		{049E0CA8-AA4C-4ADA-B6D7-8EF82AF9E7CC}.Debug|Any CPU.Build.0 = Debug|Any CPU
		{049E0CA8-AA4C-4ADA-B6D7-8EF82AF9E7CC}.Debug|x64.ActiveCfg = Debug|x64
		{049E0CA8-AA4C-4ADA-B6D7-8EF82AF9E7CC}.Debug|x64.Build.0 = Debug|x64
		{049E0CA8-AA4C-4ADA-B6D7-8EF82AF9E7CC}.Debug|x86.ActiveCfg = Debug|x86
		{049E0CA8-AA4C-4ADA-B6D7-8EF82AF9E7CC}.Debug|x86.Build.0 = Debug|x86
		{049E0CA8-AA4C-4ADA-B6D7-8EF82AF9E7CC}.Release|Any CPU.ActiveCfg = Release|Any CPU
		{049E0CA8-AA4C-4ADA-B6D7-8EF82AF9E7CC}.Release|Any CPU.Build.0 = Release|Any CPU
		{049E0CA8-AA4C-4ADA-B6D7-8EF82AF9E7CC}.Release|x64.ActiveCfg = Release|Any CPU
		{049E0CA8-AA4C-4ADA-B6D7-8EF82AF9E7CC}.Release|x64.Build.0 = Release|Any CPU
		{049E0CA8-AA4C-4ADA-B6D7-8EF82AF9E7CC}.Release|x86.ActiveCfg = Release|Any CPU
		{049E0CA8-AA4C-4ADA-B6D7-8EF82AF9E7CC}.Release|x86.Build.0 = Release|Any CPU
		{26664364-317E-4B36-8E3E-E0135FBE2DCF}.Debug|Any CPU.ActiveCfg = Debug|Win32
		{26664364-317E-4B36-8E3E-E0135FBE2DCF}.Debug|Any CPU.Build.0 = Debug|Win32
		{26664364-317E-4B36-8E3E-E0135FBE2DCF}.Debug|x64.ActiveCfg = Debug|x64
		{26664364-317E-4B36-8E3E-E0135FBE2DCF}.Debug|x64.Build.0 = Debug|x64
		{26664364-317E-4B36-8E3E-E0135FBE2DCF}.Debug|x86.ActiveCfg = Debug|Win32
		{26664364-317E-4B36-8E3E-E0135FBE2DCF}.Debug|x86.Build.0 = Debug|Win32
		{26664364-317E-4B36-8E3E-E0135FBE2DCF}.Release|Any CPU.ActiveCfg = Release|Win32
		{26664364-317E-4B36-8E3E-E0135FBE2DCF}.Release|x64.ActiveCfg = Release|x64
		{26664364-317E-4B36-8E3E-E0135FBE2DCF}.Release|x64.Build.0 = Release|x64
		{26664364-317E-4B36-8E3E-E0135FBE2DCF}.Release|x86.ActiveCfg = Release|Win32
		{26664364-317E-4B36-8E3E-E0135FBE2DCF}.Release|x86.Build.0 = Release|Win32
		{2AEA0631-72AF-4572-B4E5-C6E525AD56DA}.Debug|Any CPU.ActiveCfg = Debug|Win32
		{2AEA0631-72AF-4572-B4E5-C6E525AD56DA}.Debug|Any CPU.Build.0 = Debug|Win32
		{2AEA0631-72AF-4572-B4E5-C6E525AD56DA}.Debug|x64.ActiveCfg = Debug|x64
		{2AEA0631-72AF-4572-B4E5-C6E525AD56DA}.Debug|x64.Build.0 = Debug|x64
		{2AEA0631-72AF-4572-B4E5-C6E525AD56DA}.Debug|x86.ActiveCfg = Debug|Win32
		{2AEA0631-72AF-4572-B4E5-C6E525AD56DA}.Debug|x86.Build.0 = Debug|Win32
		{2AEA0631-72AF-4572-B4E5-C6E525AD56DA}.Release|Any CPU.ActiveCfg = Release|Win32
		{2AEA0631-72AF-4572-B4E5-C6E525AD56DA}.Release|x64.ActiveCfg = Release|x64
		{2AEA0631-72AF-4572-B4E5-C6E525AD56DA}.Release|x64.Build.0 = Release|x64
		{2AEA0631-72AF-4572-B4E5-C6E525AD56DA}.Release|x86.ActiveCfg = Release|Win32
		{2AEA0631-72AF-4572-B4E5-C6E525AD56DA}.Release|x86.Build.0 = Release|Win32
	EndGlobalSection
	GlobalSection(SolutionProperties) = preSolution
		HideSolutionNode = FALSE
	EndGlobalSection
	GlobalSection(ExtensibilityGlobals) = postSolution
		SolutionGuid = {56A45748-7623-458B-A2C2-34275A6F9F33}
	EndGlobalSection
EndGlobal
